
Microsoft Visual Studio Solution File, Format Version 12.00
# Visual Studio 2012
Project("{FAE04EC0-301F-11D3-BF4B-00C04F79EFBC}") = "Lab1", "Lab1\Lab1.csproj", "{96A33433-C1B1-4231-9A5C-2FD1688A7EA1}"
EndProject
Project("{FAE04EC0-301F-11D3-BF4B-00C04F79EFBC}") = "CommonLibrary", "CommonLibrary\CommonLibrary.csproj", "{2CA57F9B-45F1-4B76-A27D-E138A83A70CD}"
EndProject
Project("{FAE04EC0-301F-11D3-BF4B-00C04F79EFBC}") = "Lab2", "Lab2\Lab2.csproj", "{818CC424-E428-442E-A704-B8867E4A6EAA}"
EndProject
Project("{FAE04EC0-301F-11D3-BF4B-00C04F79EFBC}") = "Lab3", "Lab3\Lab3.csproj", "{9F127875-AEAE-4F7D-95D2-34F6013BDF08}"
EndProject
Project("{FAE04EC0-301F-11D3-BF4B-00C04F79EFBC}") = "Lab3Server", "Lab3Server\Lab3Server.csproj", "{47A3D5AD-943A-4B7A-B357-4D64932007F6}"
EndProject
Project("{FAE04EC0-301F-11D3-BF4B-00C04F79EFBC}") = "Lab3Client", "Lab3Client\Lab3Client.csproj", "{FE302807-D0DF-44BC-AB3F-02197A31BF49}"
EndProject
Global
	GlobalSection(SolutionConfigurationPlatforms) = preSolution
		Debug|Any CPU = Debug|Any CPU
		Debug|Mixed Platforms = Debug|Mixed Platforms
		Debug|x86 = Debug|x86
		Release|Any CPU = Release|Any CPU
		Release|Mixed Platforms = Release|Mixed Platforms
		Release|x86 = Release|x86
	EndGlobalSection
	GlobalSection(ProjectConfigurationPlatforms) = postSolution
		{96A33433-C1B1-4231-9A5C-2FD1688A7EA1}.Debug|Any CPU.ActiveCfg = Debug|x86
		{96A33433-C1B1-4231-9A5C-2FD1688A7EA1}.Debug|Mixed Platforms.ActiveCfg = Debug|x86
		{96A33433-C1B1-4231-9A5C-2FD1688A7EA1}.Debug|Mixed Platforms.Build.0 = Debug|x86
		{96A33433-C1B1-4231-9A5C-2FD1688A7EA1}.Debug|x86.ActiveCfg = Debug|x86
		{96A33433-C1B1-4231-9A5C-2FD1688A7EA1}.Debug|x86.Build.0 = Debug|x86
		{96A33433-C1B1-4231-9A5C-2FD1688A7EA1}.Release|Any CPU.ActiveCfg = Release|x86
		{96A33433-C1B1-4231-9A5C-2FD1688A7EA1}.Release|Mixed Platforms.ActiveCfg = Release|x86
		{96A33433-C1B1-4231-9A5C-2FD1688A7EA1}.Release|Mixed Platforms.Build.0 = Release|x86
		{96A33433-C1B1-4231-9A5C-2FD1688A7EA1}.Release|x86.ActiveCfg = Release|x86
		{96A33433-C1B1-4231-9A5C-2FD1688A7EA1}.Release|x86.Build.0 = Release|x86
		{2CA57F9B-45F1-4B76-A27D-E138A83A70CD}.Debug|Any CPU.ActiveCfg = Debug|Any CPU
		{2CA57F9B-45F1-4B76-A27D-E138A83A70CD}.Debug|Any CPU.Build.0 = Debug|Any CPU
		{2CA57F9B-45F1-4B76-A27D-E138A83A70CD}.Debug|Mixed Platforms.ActiveCfg = Debug|Any CPU
		{2CA57F9B-45F1-4B76-A27D-E138A83A70CD}.Debug|Mixed Platforms.Build.0 = Debug|Any CPU
		{2CA57F9B-45F1-4B76-A27D-E138A83A70CD}.Debug|x86.ActiveCfg = Debug|Any CPU
		{2CA57F9B-45F1-4B76-A27D-E138A83A70CD}.Release|Any CPU.ActiveCfg = Release|Any CPU
		{2CA57F9B-45F1-4B76-A27D-E138A83A70CD}.Release|Any CPU.Build.0 = Release|Any CPU
		{2CA57F9B-45F1-4B76-A27D-E138A83A70CD}.Release|Mixed Platforms.ActiveCfg = Release|Any CPU
		{2CA57F9B-45F1-4B76-A27D-E138A83A70CD}.Release|Mixed Platforms.Build.0 = Release|Any CPU
		{2CA57F9B-45F1-4B76-A27D-E138A83A70CD}.Release|x86.ActiveCfg = Release|Any CPU
		{818CC424-E428-442E-A704-B8867E4A6EAA}.Debug|Any CPU.ActiveCfg = Debug|x86
		{818CC424-E428-442E-A704-B8867E4A6EAA}.Debug|Mixed Platforms.ActiveCfg = Debug|x86
		{818CC424-E428-442E-A704-B8867E4A6EAA}.Debug|Mixed Platforms.Build.0 = Debug|x86
		{818CC424-E428-442E-A704-B8867E4A6EAA}.Debug|x86.ActiveCfg = Debug|x86
		{818CC424-E428-442E-A704-B8867E4A6EAA}.Debug|x86.Build.0 = Debug|x86
		{818CC424-E428-442E-A704-B8867E4A6EAA}.Release|Any CPU.ActiveCfg = Release|x86
		{818CC424-E428-442E-A704-B8867E4A6EAA}.Release|Mixed Platforms.ActiveCfg = Release|x86
		{818CC424-E428-442E-A704-B8867E4A6EAA}.Release|Mixed Platforms.Build.0 = Release|x86
		{818CC424-E428-442E-A704-B8867E4A6EAA}.Release|x86.ActiveCfg = Release|x86
		{818CC424-E428-442E-A704-B8867E4A6EAA}.Release|x86.Build.0 = Release|x86
		{9F127875-AEAE-4F7D-95D2-34F6013BDF08}.Debug|Any CPU.ActiveCfg = Debug|Any CPU
		{9F127875-AEAE-4F7D-95D2-34F6013BDF08}.Debug|Any CPU.Build.0 = Debug|Any CPU
		{9F127875-AEAE-4F7D-95D2-34F6013BDF08}.Debug|Mixed Platforms.ActiveCfg = Debug|Any CPU
		{9F127875-AEAE-4F7D-95D2-34F6013BDF08}.Debug|Mixed Platforms.Build.0 = Debug|Any CPU
		{9F127875-AEAE-4F7D-95D2-34F6013BDF08}.Debug|x86.ActiveCfg = Debug|Any CPU
		{9F127875-AEAE-4F7D-95D2-34F6013BDF08}.Release|Any CPU.ActiveCfg = Release|Any CPU
		{9F127875-AEAE-4F7D-95D2-34F6013BDF08}.Release|Any CPU.Build.0 = Release|Any CPU
		{9F127875-AEAE-4F7D-95D2-34F6013BDF08}.Release|Mixed Platforms.ActiveCfg = Release|Any CPU
		{9F127875-AEAE-4F7D-95D2-34F6013BDF08}.Release|Mixed Platforms.Build.0 = Release|Any CPU
		{9F127875-AEAE-4F7D-95D2-34F6013BDF08}.Release|x86.ActiveCfg = Release|Any CPU
		{47A3D5AD-943A-4B7A-B357-4D64932007F6}.Debug|Any CPU.ActiveCfg = Debug|Any CPU
		{47A3D5AD-943A-4B7A-B357-4D64932007F6}.Debug|Any CPU.Build.0 = Debug|Any CPU
		{47A3D5AD-943A-4B7A-B357-4D64932007F6}.Debug|Mixed Platforms.ActiveCfg = Debug|Any CPU
		{47A3D5AD-943A-4B7A-B357-4D64932007F6}.Debug|Mixed Platforms.Build.0 = Debug|Any CPU
		{47A3D5AD-943A-4B7A-B357-4D64932007F6}.Debug|x86.ActiveCfg = Debug|Any CPU
		{47A3D5AD-943A-4B7A-B357-4D64932007F6}.Release|Any CPU.ActiveCfg = Release|Any CPU
		{47A3D5AD-943A-4B7A-B357-4D64932007F6}.Release|Any CPU.Build.0 = Release|Any CPU
		{47A3D5AD-943A-4B7A-B357-4D64932007F6}.Release|Mixed Platforms.ActiveCfg = Release|Any CPU
		{47A3D5AD-943A-4B7A-B357-4D64932007F6}.Release|Mixed Platforms.Build.0 = Release|Any CPU
		{47A3D5AD-943A-4B7A-B357-4D64932007F6}.Release|x86.ActiveCfg = Release|Any CPU
		{FE302807-D0DF-44BC-AB3F-02197A31BF49}.Debug|Any CPU.ActiveCfg = Debug|Any CPU
		{FE302807-D0DF-44BC-AB3F-02197A31BF49}.Debug|Any CPU.Build.0 = Debug|Any CPU
		{FE302807-D0DF-44BC-AB3F-02197A31BF49}.Debug|Mixed Platforms.ActiveCfg = Debug|Any CPU
		{FE302807-D0DF-44BC-AB3F-02197A31BF49}.Debug|Mixed Platforms.Build.0 = Debug|Any CPU
		{FE302807-D0DF-44BC-AB3F-02197A31BF49}.Debug|x86.ActiveCfg = Debug|Any CPU
		{FE302807-D0DF-44BC-AB3F-02197A31BF49}.Release|Any CPU.ActiveCfg = Release|Any CPU
		{FE302807-D0DF-44BC-AB3F-02197A31BF49}.Release|Any CPU.Build.0 = Release|Any CPU
		{FE302807-D0DF-44BC-AB3F-02197A31BF49}.Release|Mixed Platforms.ActiveCfg = Release|Any CPU
		{FE302807-D0DF-44BC-AB3F-02197A31BF49}.Release|Mixed Platforms.Build.0 = Release|Any CPU
		{FE302807-D0DF-44BC-AB3F-02197A31BF49}.Release|x86.ActiveCfg = Release|Any CPU
	EndGlobalSection
	GlobalSection(SolutionProperties) = preSolution
		HideSolutionNode = FALSE
	EndGlobalSection
EndGlobal
